// !$*UTF8*$!
{
	archiveVersion = 1;
	classes = {
	};
	objectVersion = 56;
	objects = {

/* Begin PBXBuildFile section */
		725875D328F748770099AFB1 /* DevoTeamWeatherInterestApp.swift in Sources */ = {isa = PBXBuildFile; fileRef = 725875D228F748770099AFB1 /* DevoTeamWeatherInterestApp.swift */; };
		725875D528F748770099AFB1 /* ContentView.swift in Sources */ = {isa = PBXBuildFile; fileRef = 725875D428F748770099AFB1 /* ContentView.swift */; };
		725875D728F748780099AFB1 /* Assets.xcassets in Resources */ = {isa = PBXBuildFile; fileRef = 725875D628F748780099AFB1 /* Assets.xcassets */; };
		725875DA28F748780099AFB1 /* Preview Assets.xcassets in Resources */ = {isa = PBXBuildFile; fileRef = 725875D928F748780099AFB1 /* Preview Assets.xcassets */; };
		725875E428F748780099AFB1 /* DevoTeamWeatherInterestTests.swift in Sources */ = {isa = PBXBuildFile; fileRef = 725875E328F748780099AFB1 /* DevoTeamWeatherInterestTests.swift */; };
		725875EE28F748780099AFB1 /* DevoTeamWeatherInterestUITests.swift in Sources */ = {isa = PBXBuildFile; fileRef = 725875ED28F748780099AFB1 /* DevoTeamWeatherInterestUITests.swift */; };
		725875F028F748780099AFB1 /* DevoTeamWeatherInterestUITestsLaunchTests.swift in Sources */ = {isa = PBXBuildFile; fileRef = 725875EF28F748780099AFB1 /* DevoTeamWeatherInterestUITestsLaunchTests.swift */; };
		725875FE28F74FBE0099AFB1 /* README.rtf in Resources */ = {isa = PBXBuildFile; fileRef = 725875FD28F74FBE0099AFB1 /* README.rtf */; };
		7258760028F750790099AFB1 /* Programming Assignment - iOS - Devoteam 2022.pdf in Resources */ = {isa = PBXBuildFile; fileRef = 725875FF28F750790099AFB1 /* Programming Assignment - iOS - Devoteam 2022.pdf */; };
		7258760228F751C60099AFB1 /* Constants.swift in Sources */ = {isa = PBXBuildFile; fileRef = 7258760128F751C60099AFB1 /* Constants.swift */; };
		7258760428F753170099AFB1 /* ExampleData.json in Resources */ = {isa = PBXBuildFile; fileRef = 7258760328F753170099AFB1 /* ExampleData.json */; };
		7258760628F755DC0099AFB1 /* AnyCityFetched.swift in Sources */ = {isa = PBXBuildFile; fileRef = 7258760528F755DC0099AFB1 /* AnyCityFetched.swift */; };
		7258760C28F7681D0099AFB1 /* CityChoicesViewModel.swift in Sources */ = {isa = PBXBuildFile; fileRef = 7258760B28F7681D0099AFB1 /* CityChoicesViewModel.swift */; };
		7258760F28F76C2F0099AFB1 /* NetworkAsyncService.swift in Sources */ = {isa = PBXBuildFile; fileRef = 7258760E28F76C2F0099AFB1 /* NetworkAsyncService.swift */; };
/* End PBXBuildFile section */

/* Begin PBXContainerItemProxy section */
		725875E028F748780099AFB1 /* PBXContainerItemProxy */ = {
			isa = PBXContainerItemProxy;
			containerPortal = 725875C728F748770099AFB1 /* Project object */;
			proxyType = 1;
			remoteGlobalIDString = 725875CE28F748770099AFB1;
			remoteInfo = DevoTeamWeatherInterest;
		};
		725875EA28F748780099AFB1 /* PBXContainerItemProxy */ = {
			isa = PBXContainerItemProxy;
			containerPortal = 725875C728F748770099AFB1 /* Project object */;
			proxyType = 1;
			remoteGlobalIDString = 725875CE28F748770099AFB1;
			remoteInfo = DevoTeamWeatherInterest;
		};
/* End PBXContainerItemProxy section */

/* Begin PBXFileReference section */
		725875CF28F748770099AFB1 /* DevoTeamWeatherInterest.app */ = {isa = PBXFileReference; explicitFileType = wrapper.application; includeInIndex = 0; path = DevoTeamWeatherInterest.app; sourceTree = BUILT_PRODUCTS_DIR; };
		725875D228F748770099AFB1 /* DevoTeamWeatherInterestApp.swift */ = {isa = PBXFileReference; lastKnownFileType = sourcecode.swift; path = DevoTeamWeatherInterestApp.swift; sourceTree = "<group>"; };
		725875D428F748770099AFB1 /* ContentView.swift */ = {isa = PBXFileReference; lastKnownFileType = sourcecode.swift; path = ContentView.swift; sourceTree = "<group>"; };
		725875D628F748780099AFB1 /* Assets.xcassets */ = {isa = PBXFileReference; lastKnownFileType = folder.assetcatalog; path = Assets.xcassets; sourceTree = "<group>"; };
		725875D928F748780099AFB1 /* Preview Assets.xcassets */ = {isa = PBXFileReference; lastKnownFileType = folder.assetcatalog; path = "Preview Assets.xcassets"; sourceTree = "<group>"; };
		725875DF28F748780099AFB1 /* DevoTeamWeatherInterestTests.xctest */ = {isa = PBXFileReference; explicitFileType = wrapper.cfbundle; includeInIndex = 0; path = DevoTeamWeatherInterestTests.xctest; sourceTree = BUILT_PRODUCTS_DIR; };
		725875E328F748780099AFB1 /* DevoTeamWeatherInterestTests.swift */ = {isa = PBXFileReference; lastKnownFileType = sourcecode.swift; path = DevoTeamWeatherInterestTests.swift; sourceTree = "<group>"; };
		725875E928F748780099AFB1 /* DevoTeamWeatherInterestUITests.xctest */ = {isa = PBXFileReference; explicitFileType = wrapper.cfbundle; includeInIndex = 0; path = DevoTeamWeatherInterestUITests.xctest; sourceTree = BUILT_PRODUCTS_DIR; };
		725875ED28F748780099AFB1 /* DevoTeamWeatherInterestUITests.swift */ = {isa = PBXFileReference; lastKnownFileType = sourcecode.swift; path = DevoTeamWeatherInterestUITests.swift; sourceTree = "<group>"; };
		725875EF28F748780099AFB1 /* DevoTeamWeatherInterestUITestsLaunchTests.swift */ = {isa = PBXFileReference; lastKnownFileType = sourcecode.swift; path = DevoTeamWeatherInterestUITestsLaunchTests.swift; sourceTree = "<group>"; };
		725875FD28F74FBE0099AFB1 /* README.rtf */ = {isa = PBXFileReference; lastKnownFileType = text.rtf; path = README.rtf; sourceTree = "<group>"; };
		725875FF28F750790099AFB1 /* Programming Assignment - iOS - Devoteam 2022.pdf */ = {isa = PBXFileReference; lastKnownFileType = image.pdf; path = "Programming Assignment - iOS - Devoteam 2022.pdf"; sourceTree = "<group>"; };
		7258760128F751C60099AFB1 /* Constants.swift */ = {isa = PBXFileReference; lastKnownFileType = sourcecode.swift; path = Constants.swift; sourceTree = "<group>"; };
		7258760328F753170099AFB1 /* ExampleData.json */ = {isa = PBXFileReference; lastKnownFileType = text.json; path = ExampleData.json; sourceTree = "<group>"; };
		7258760528F755DC0099AFB1 /* AnyCityFetched.swift */ = {isa = PBXFileReference; lastKnownFileType = sourcecode.swift; path = AnyCityFetched.swift; sourceTree = "<group>"; };
		7258760B28F7681D0099AFB1 /* CityChoicesViewModel.swift */ = {isa = PBXFileReference; lastKnownFileType = sourcecode.swift; path = CityChoicesViewModel.swift; sourceTree = "<group>"; };
		7258760E28F76C2F0099AFB1 /* NetworkAsyncService.swift */ = {isa = PBXFileReference; lastKnownFileType = sourcecode.swift; path = NetworkAsyncService.swift; sourceTree = "<group>"; };
/* End PBXFileReference section */

/* Begin PBXFrameworksBuildPhase section */
		725875CC28F748770099AFB1 /* Frameworks */ = {
			isa = PBXFrameworksBuildPhase;
			buildActionMask = 2147483647;
			files = (
			);
			runOnlyForDeploymentPostprocessing = 0;
		};
		725875DC28F748780099AFB1 /* Frameworks */ = {
			isa = PBXFrameworksBuildPhase;
			buildActionMask = 2147483647;
			files = (
			);
			runOnlyForDeploymentPostprocessing = 0;
		};
		725875E628F748780099AFB1 /* Frameworks */ = {
			isa = PBXFrameworksBuildPhase;
			buildActionMask = 2147483647;
			files = (
			);
			runOnlyForDeploymentPostprocessing = 0;
		};
/* End PBXFrameworksBuildPhase section */

/* Begin PBXGroup section */
		725875C628F748770099AFB1 = {
			isa = PBXGroup;
			children = (
				725875D228F748770099AFB1 /* DevoTeamWeatherInterestApp.swift */,
				7258760A28F7679E0099AFB1 /* Specs DevoTeamWeatherInterest roject */,
				725875FD28F74FBE0099AFB1 /* README.rtf */,
				725875D128F748770099AFB1 /* DevoTeamWeatherInterest */,
				7258760D28F7696A0099AFB1 /* Automated Tests */,
				725875D028F748770099AFB1 /* Products */,
			);
			sourceTree = "<group>";
		};
		725875D028F748770099AFB1 /* Products */ = {
			isa = PBXGroup;
			children = (
				725875CF28F748770099AFB1 /* DevoTeamWeatherInterest.app */,
				725875DF28F748780099AFB1 /* DevoTeamWeatherInterestTests.xctest */,
				725875E928F748780099AFB1 /* DevoTeamWeatherInterestUITests.xctest */,
			);
			name = Products;
			sourceTree = "<group>";
		};
		725875D128F748770099AFB1 /* DevoTeamWeatherInterest */ = {
			isa = PBXGroup;
			children = (
				7258760828F766D90099AFB1 /* ViewModelsLogic */,
				7258760928F766E10099AFB1 /* Models */,
				7258760728F766D40099AFB1 /* UIViews */,
				7258760128F751C60099AFB1 /* Constants.swift */,
				725875D628F748780099AFB1 /* Assets.xcassets */,
				725875D828F748780099AFB1 /* Preview Content */,
			);
			path = DevoTeamWeatherInterest;
			sourceTree = "<group>";
		};
		725875D828F748780099AFB1 /* Preview Content */ = {
			isa = PBXGroup;
			children = (
				725875D928F748780099AFB1 /* Preview Assets.xcassets */,
			);
			path = "Preview Content";
			sourceTree = "<group>";
		};
		725875E228F748780099AFB1 /* DevoTeamWeatherInterestTests */ = {
			isa = PBXGroup;
			children = (
				725875E328F748780099AFB1 /* DevoTeamWeatherInterestTests.swift */,
			);
			path = DevoTeamWeatherInterestTests;
			sourceTree = "<group>";
		};
		725875EC28F748780099AFB1 /* DevoTeamWeatherInterestUITests */ = {
			isa = PBXGroup;
			children = (
				725875ED28F748780099AFB1 /* DevoTeamWeatherInterestUITests.swift */,
				725875EF28F748780099AFB1 /* DevoTeamWeatherInterestUITestsLaunchTests.swift */,
			);
			path = DevoTeamWeatherInterestUITests;
			sourceTree = "<group>";
		};
		7258760728F766D40099AFB1 /* UIViews */ = {
			isa = PBXGroup;
			children = (
				725875D428F748770099AFB1 /* ContentView.swift */,
			);
			path = UIViews;
			sourceTree = "<group>";
		};
		7258760828F766D90099AFB1 /* ViewModelsLogic */ = {
			isa = PBXGroup;
			children = (
				7258760B28F7681D0099AFB1 /* CityChoicesViewModel.swift */,
				7258760E28F76C2F0099AFB1 /* NetworkAsyncService.swift */,
			);
			path = ViewModelsLogic;
			sourceTree = "<group>";
		};
		7258760928F766E10099AFB1 /* Models */ = {
			isa = PBXGroup;
			children = (
				7258760528F755DC0099AFB1 /* AnyCityFetched.swift */,
			);
			path = Models;
			sourceTree = "<group>";
		};
		7258760A28F7679E0099AFB1 /* Specs DevoTeamWeatherInterest roject */ = {
			isa = PBXGroup;
			children = (
				725875FF28F750790099AFB1 /* Programming Assignment - iOS - Devoteam 2022.pdf */,
				7258760328F753170099AFB1 /* ExampleData.json */,
			);
			path = "Specs DevoTeamWeatherInterest roject";
			sourceTree = "<group>";
		};
		7258760D28F7696A0099AFB1 /* Automated Tests */ = {
			isa = PBXGroup;
			children = (
				725875E228F748780099AFB1 /* DevoTeamWeatherInterestTests */,
				725875EC28F748780099AFB1 /* DevoTeamWeatherInterestUITests */,
			);
			path = "Automated Tests";
			sourceTree = "<group>";
		};
/* End PBXGroup section */

/* Begin PBXNativeTarget section */
		725875CE28F748770099AFB1 /* DevoTeamWeatherInterest */ = {
			isa = PBXNativeTarget;
			buildConfigurationList = 725875F328F748780099AFB1 /* Build configuration list for PBXNativeTarget "DevoTeamWeatherInterest" */;
			buildPhases = (
				725875CB28F748770099AFB1 /* Sources */,
				725875FC28F749830099AFB1 /* Run Script SwiftLint */,
				725875CC28F748770099AFB1 /* Frameworks */,
				725875CD28F748770099AFB1 /* Resources */,
			);
			buildRules = (
			);
			dependencies = (
			);
			name = DevoTeamWeatherInterest;
			productName = DevoTeamWeatherInterest;
			productReference = 725875CF28F748770099AFB1 /* DevoTeamWeatherInterest.app */;
			productType = "com.apple.product-type.application";
		};
		725875DE28F748780099AFB1 /* DevoTeamWeatherInterestTests */ = {
			isa = PBXNativeTarget;
			buildConfigurationList = 725875F628F748780099AFB1 /* Build configuration list for PBXNativeTarget "DevoTeamWeatherInterestTests" */;
			buildPhases = (
				725875DB28F748780099AFB1 /* Sources */,
				725875DC28F748780099AFB1 /* Frameworks */,
				725875DD28F748780099AFB1 /* Resources */,
			);
			buildRules = (
			);
			dependencies = (
				725875E128F748780099AFB1 /* PBXTargetDependency */,
			);
			name = DevoTeamWeatherInterestTests;
			productName = DevoTeamWeatherInterestTests;
			productReference = 725875DF28F748780099AFB1 /* DevoTeamWeatherInterestTests.xctest */;
			productType = "com.apple.product-type.bundle.unit-test";
		};
		725875E828F748780099AFB1 /* DevoTeamWeatherInterestUITests */ = {
			isa = PBXNativeTarget;
			buildConfigurationList = 725875F928F748780099AFB1 /* Build configuration list for PBXNativeTarget "DevoTeamWeatherInterestUITests" */;
			buildPhases = (
				725875E528F748780099AFB1 /* Sources */,
				725875E628F748780099AFB1 /* Frameworks */,
				725875E728F748780099AFB1 /* Resources */,
			);
			buildRules = (
			);
			dependencies = (
				725875EB28F748780099AFB1 /* PBXTargetDependency */,
			);
			name = DevoTeamWeatherInterestUITests;
			productName = DevoTeamWeatherInterestUITests;
			productReference = 725875E928F748780099AFB1 /* DevoTeamWeatherInterestUITests.xctest */;
			productType = "com.apple.product-type.bundle.ui-testing";
		};
/* End PBXNativeTarget section */

/* Begin PBXProject section */
		725875C728F748770099AFB1 /* Project object */ = {
			isa = PBXProject;
			attributes = {
				BuildIndependentTargetsInParallel = 1;
				LastSwiftUpdateCheck = 1400;
				LastUpgradeCheck = 1400;
				TargetAttributes = {
					725875CE28F748770099AFB1 = {
						CreatedOnToolsVersion = 14.0.1;
					};
					725875DE28F748780099AFB1 = {
						CreatedOnToolsVersion = 14.0.1;
						TestTargetID = 725875CE28F748770099AFB1;
					};
					725875E828F748780099AFB1 = {
						CreatedOnToolsVersion = 14.0.1;
						TestTargetID = 725875CE28F748770099AFB1;
					};
				};
			};
			buildConfigurationList = 725875CA28F748770099AFB1 /* Build configuration list for PBXProject "DevoTeamWeatherInterest" */;
			compatibilityVersion = "Xcode 14.0";
			developmentRegion = en;
			hasScannedForEncodings = 0;
			knownRegions = (
				en,
				Base,
			);
			mainGroup = 725875C628F748770099AFB1;
			productRefGroup = 725875D028F748770099AFB1 /* Products */;
			projectDirPath = "";
			projectRoot = "";
			targets = (
				725875CE28F748770099AFB1 /* DevoTeamWeatherInterest */,
				725875DE28F748780099AFB1 /* DevoTeamWeatherInterestTests */,
				725875E828F748780099AFB1 /* DevoTeamWeatherInterestUITests */,
			);
		};
/* End PBXProject section */

/* Begin PBXResourcesBuildPhase section */
		725875CD28F748770099AFB1 /* Resources */ = {
			isa = PBXResourcesBuildPhase;
			buildActionMask = 2147483647;
			files = (
				7258760028F750790099AFB1 /* Programming Assignment - iOS - Devoteam 2022.pdf in Resources */,
				725875DA28F748780099AFB1 /* Preview Assets.xcassets in Resources */,
				725875FE28F74FBE0099AFB1 /* README.rtf in Resources */,
				725875D728F748780099AFB1 /* Assets.xcassets in Resources */,
				7258760428F753170099AFB1 /* ExampleData.json in Resources */,
			);
			runOnlyForDeploymentPostprocessing = 0;
		};
		725875DD28F748780099AFB1 /* Resources */ = {
			isa = PBXResourcesBuildPhase;
			buildActionMask = 2147483647;
			files = (
			);
			runOnlyForDeploymentPostprocessing = 0;
		};
		725875E728F748780099AFB1 /* Resources */ = {
			isa = PBXResourcesBuildPhase;
			buildActionMask = 2147483647;
			files = (
			);
			runOnlyForDeploymentPostprocessing = 0;
		};
/* End PBXResourcesBuildPhase section */

/* Begin PBXShellScriptBuildPhase section */
		725875FC28F749830099AFB1 /* Run Script SwiftLint */ = {
			isa = PBXShellScriptBuildPhase;
			alwaysOutOfDate = 1;
			buildActionMask = 2147483647;
			files = (
			);
			inputFileListPaths = (
			);
			inputPaths = (
			);
			name = "Run Script SwiftLint";
			outputFileListPaths = (
			);
			outputPaths = (
			);
			runOnlyForDeploymentPostprocessing = 0;
			shellPath = /bin/sh;
			shellScript = "export PATH=\"$PATH:/opt/homebrew/bin\"\nif which swiftlint > /dev/null; then\n    swiftlint lint --fix --format && swiftlint\nelse\n  echo \"warning: SwiftLint not installed, download from https://github.com/realm/SwiftLint\\n note:       …or if you have brew, install using…\\n note:      brew install swiftlint\"\n  exit 1\nfi\n\n\n";
		};
/* End PBXShellScriptBuildPhase section */

/* Begin PBXSourcesBuildPhase section */
		725875CB28F748770099AFB1 /* Sources */ = {
			isa = PBXSourcesBuildPhase;
			buildActionMask = 2147483647;
			files = (
				725875D528F748770099AFB1 /* ContentView.swift in Sources */,
				7258760C28F7681D0099AFB1 /* CityChoicesViewModel.swift in Sources */,
				725875D328F748770099AFB1 /* DevoTeamWeatherInterestApp.swift in Sources */,
				7258760F28F76C2F0099AFB1 /* NetworkAsyncService.swift in Sources */,
				7258760228F751C60099AFB1 /* Constants.swift in Sources */,
				7258760628F755DC0099AFB1 /* AnyCityFetched.swift in Sources */,
			);
			runOnlyForDeploymentPostprocessing = 0;
		};
		725875DB28F748780099AFB1 /* Sources */ = {
			isa = PBXSourcesBuildPhase;
			buildActionMask = 2147483647;
			files = (
				725875E428F748780099AFB1 /* DevoTeamWeatherInterestTests.swift in Sources */,
			);
			runOnlyForDeploymentPostprocessing = 0;
		};
		725875E528F748780099AFB1 /* Sources */ = {
			isa = PBXSourcesBuildPhase;
			buildActionMask = 2147483647;
			files = (
				725875F028F748780099AFB1 /* DevoTeamWeatherInterestUITestsLaunchTests.swift in Sources */,
				725875EE28F748780099AFB1 /* DevoTeamWeatherInterestUITests.swift in Sources */,
			);
			runOnlyForDeploymentPostprocessing = 0;
		};
/* End PBXSourcesBuildPhase section */

/* Begin PBXTargetDependency section */
		725875E128F748780099AFB1 /* PBXTargetDependency */ = {
			isa = PBXTargetDependency;
			target = 725875CE28F748770099AFB1 /* DevoTeamWeatherInterest */;
			targetProxy = 725875E028F748780099AFB1 /* PBXContainerItemProxy */;
		};
		725875EB28F748780099AFB1 /* PBXTargetDependency */ = {
			isa = PBXTargetDependency;
			target = 725875CE28F748770099AFB1 /* DevoTeamWeatherInterest */;
			targetProxy = 725875EA28F748780099AFB1 /* PBXContainerItemProxy */;
		};
/* End PBXTargetDependency section */

/* Begin XCBuildConfiguration section */
		725875F128F748780099AFB1 /* Debug */ = {
			isa = XCBuildConfiguration;
			buildSettings = {
				ALWAYS_SEARCH_USER_PATHS = NO;
				CLANG_ANALYZER_NONNULL = YES;
				CLANG_ANALYZER_NUMBER_OBJECT_CONVERSION = YES_AGGRESSIVE;
				CLANG_CXX_LANGUAGE_STANDARD = "gnu++20";
				CLANG_ENABLE_MODULES = YES;
				CLANG_ENABLE_OBJC_ARC = YES;
				CLANG_ENABLE_OBJC_WEAK = YES;
				CLANG_WARN_BLOCK_CAPTURE_AUTORELEASING = YES;
				CLANG_WARN_BOOL_CONVERSION = YES;
				CLANG_WARN_COMMA = YES;
				CLANG_WARN_CONSTANT_CONVERSION = YES;
				CLANG_WARN_DEPRECATED_OBJC_IMPLEMENTATIONS = YES;
				CLANG_WARN_DIRECT_OBJC_ISA_USAGE = YES_ERROR;
				CLANG_WARN_DOCUMENTATION_COMMENTS = YES;
				CLANG_WARN_EMPTY_BODY = YES;
				CLANG_WARN_ENUM_CONVERSION = YES;
				CLANG_WARN_INFINITE_RECURSION = YES;
				CLANG_WARN_INT_CONVERSION = YES;
				CLANG_WARN_NON_LITERAL_NULL_CONVERSION = YES;
				CLANG_WARN_OBJC_IMPLICIT_RETAIN_SELF = YES;
				CLANG_WARN_OBJC_LITERAL_CONVERSION = YES;
				CLANG_WARN_OBJC_ROOT_CLASS = YES_ERROR;
				CLANG_WARN_QUOTED_INCLUDE_IN_FRAMEWORK_HEADER = YES;
				CLANG_WARN_RANGE_LOOP_ANALYSIS = YES;
				CLANG_WARN_STRICT_PROTOTYPES = YES;
				CLANG_WARN_SUSPICIOUS_MOVE = YES;
				CLANG_WARN_UNGUARDED_AVAILABILITY = YES_AGGRESSIVE;
				CLANG_WARN_UNREACHABLE_CODE = YES;
				CLANG_WARN__DUPLICATE_METHOD_MATCH = YES;
				COPY_PHASE_STRIP = NO;
				DEBUG_INFORMATION_FORMAT = dwarf;
				ENABLE_STRICT_OBJC_MSGSEND = YES;
				ENABLE_TESTABILITY = YES;
				GCC_C_LANGUAGE_STANDARD = gnu11;
				GCC_DYNAMIC_NO_PIC = NO;
				GCC_NO_COMMON_BLOCKS = YES;
				GCC_OPTIMIZATION_LEVEL = 0;
				GCC_PREPROCESSOR_DEFINITIONS = (
					"DEBUG=1",
					"$(inherited)",
				);
				GCC_WARN_64_TO_32_BIT_CONVERSION = YES;
				GCC_WARN_ABOUT_RETURN_TYPE = YES_ERROR;
				GCC_WARN_UNDECLARED_SELECTOR = YES;
				GCC_WARN_UNINITIALIZED_AUTOS = YES_AGGRESSIVE;
				GCC_WARN_UNUSED_FUNCTION = YES;
				GCC_WARN_UNUSED_VARIABLE = YES;
				IPHONEOS_DEPLOYMENT_TARGET = 16.0;
				MTL_ENABLE_DEBUG_INFO = INCLUDE_SOURCE;
				MTL_FAST_MATH = YES;
				ONLY_ACTIVE_ARCH = YES;
				SDKROOT = iphoneos;
				SWIFT_ACTIVE_COMPILATION_CONDITIONS = DEBUG;
				SWIFT_OPTIMIZATION_LEVEL = "-Onone";
			};
			name = Debug;
		};
		725875F228F748780099AFB1 /* Release */ = {
			isa = XCBuildConfiguration;
			buildSettings = {
				ALWAYS_SEARCH_USER_PATHS = NO;
				CLANG_ANALYZER_NONNULL = YES;
				CLANG_ANALYZER_NUMBER_OBJECT_CONVERSION = YES_AGGRESSIVE;
				CLANG_CXX_LANGUAGE_STANDARD = "gnu++20";
				CLANG_ENABLE_MODULES = YES;
				CLANG_ENABLE_OBJC_ARC = YES;
				CLANG_ENABLE_OBJC_WEAK = YES;
				CLANG_WARN_BLOCK_CAPTURE_AUTORELEASING = YES;
				CLANG_WARN_BOOL_CONVERSION = YES;
				CLANG_WARN_COMMA = YES;
				CLANG_WARN_CONSTANT_CONVERSION = YES;
				CLANG_WARN_DEPRECATED_OBJC_IMPLEMENTATIONS = YES;
				CLANG_WARN_DIRECT_OBJC_ISA_USAGE = YES_ERROR;
				CLANG_WARN_DOCUMENTATION_COMMENTS = YES;
				CLANG_WARN_EMPTY_BODY = YES;
				CLANG_WARN_ENUM_CONVERSION = YES;
				CLANG_WARN_INFINITE_RECURSION = YES;
				CLANG_WARN_INT_CONVERSION = YES;
				CLANG_WARN_NON_LITERAL_NULL_CONVERSION = YES;
				CLANG_WARN_OBJC_IMPLICIT_RETAIN_SELF = YES;
				CLANG_WARN_OBJC_LITERAL_CONVERSION = YES;
				CLANG_WARN_OBJC_ROOT_CLASS = YES_ERROR;
				CLANG_WARN_QUOTED_INCLUDE_IN_FRAMEWORK_HEADER = YES;
				CLANG_WARN_RANGE_LOOP_ANALYSIS = YES;
				CLANG_WARN_STRICT_PROTOTYPES = YES;
				CLANG_WARN_SUSPICIOUS_MOVE = YES;
				CLANG_WARN_UNGUARDED_AVAILABILITY = YES_AGGRESSIVE;
				CLANG_WARN_UNREACHABLE_CODE = YES;
				CLANG_WARN__DUPLICATE_METHOD_MATCH = YES;
				COPY_PHASE_STRIP = NO;
				DEBUG_INFORMATION_FORMAT = "dwarf-with-dsym";
				ENABLE_NS_ASSERTIONS = NO;
				ENABLE_STRICT_OBJC_MSGSEND = YES;
				GCC_C_LANGUAGE_STANDARD = gnu11;
				GCC_NO_COMMON_BLOCKS = YES;
				GCC_WARN_64_TO_32_BIT_CONVERSION = YES;
				GCC_WARN_ABOUT_RETURN_TYPE = YES_ERROR;
				GCC_WARN_UNDECLARED_SELECTOR = YES;
				GCC_WARN_UNINITIALIZED_AUTOS = YES_AGGRESSIVE;
				GCC_WARN_UNUSED_FUNCTION = YES;
				GCC_WARN_UNUSED_VARIABLE = YES;
				IPHONEOS_DEPLOYMENT_TARGET = 16.0;
				MTL_ENABLE_DEBUG_INFO = NO;
				MTL_FAST_MATH = YES;
				SDKROOT = iphoneos;
				SWIFT_COMPILATION_MODE = wholemodule;
				SWIFT_OPTIMIZATION_LEVEL = "-O";
				VALIDATE_PRODUCT = YES;
			};
			name = Release;
		};
		725875F428F748780099AFB1 /* Debug */ = {
			isa = XCBuildConfiguration;
			buildSettings = {
				ASSETCATALOG_COMPILER_APPICON_NAME = AppIcon;
				ASSETCATALOG_COMPILER_GLOBAL_ACCENT_COLOR_NAME = AccentColor;
				CODE_SIGN_STYLE = Automatic;
				CURRENT_PROJECT_VERSION = 1;
				DEVELOPMENT_ASSET_PATHS = "\"DevoTeamWeatherInterest/Preview Content\"";
				DEVELOPMENT_TEAM = 38TY4TU89G;
				ENABLE_PREVIEWS = YES;
				GENERATE_INFOPLIST_FILE = YES;
				INFOPLIST_KEY_UIApplicationSceneManifest_Generation = YES;
				INFOPLIST_KEY_UIApplicationSupportsIndirectInputEvents = YES;
				INFOPLIST_KEY_UILaunchScreen_Generation = YES;
				INFOPLIST_KEY_UISupportedInterfaceOrientations_iPad = "UIInterfaceOrientationPortrait UIInterfaceOrientationPortraitUpsideDown UIInterfaceOrientationLandscapeLeft UIInterfaceOrientationLandscapeRight";
				INFOPLIST_KEY_UISupportedInterfaceOrientations_iPhone = "UIInterfaceOrientationPortrait UIInterfaceOrientationLandscapeLeft UIInterfaceOrientationLandscapeRight";
				LD_RUNPATH_SEARCH_PATHS = (
					"$(inherited)",
					"@executable_path/Frameworks",
				);
				MARKETING_VERSION = 1.0;
				PRODUCT_BUNDLE_IDENTIFIER = com.coldpointblue.DevoTeamWeatherInterest;
				PRODUCT_NAME = "$(TARGET_NAME)";
				SWIFT_EMIT_LOC_STRINGS = YES;
				SWIFT_VERSION = 5.0;
				TARGETED_DEVICE_FAMILY = "1,2";
			};
			name = Debug;
		};
		725875F528F748780099AFB1 /* Release */ = {
			isa = XCBuildConfiguration;
			buildSettings = {
				ASSETCATALOG_COMPILER_APPICON_NAME = AppIcon;
				ASSETCATALOG_COMPILER_GLOBAL_ACCENT_COLOR_NAME = AccentColor;
				CODE_SIGN_STYLE = Automatic;
				CURRENT_PROJECT_VERSION = 1;
				DEVELOPMENT_ASSET_PATHS = "\"DevoTeamWeatherInterest/Preview Content\"";
				DEVELOPMENT_TEAM = 38TY4TU89G;
				ENABLE_PREVIEWS = YES;
				GENERATE_INFOPLIST_FILE = YES;
				INFOPLIST_KEY_UIApplicationSceneManifest_Generation = YES;
				INFOPLIST_KEY_UIApplicationSupportsIndirectInputEvents = YES;
				INFOPLIST_KEY_UILaunchScreen_Generation = YES;
				INFOPLIST_KEY_UISupportedInterfaceOrientations_iPad = "UIInterfaceOrientationPortrait UIInterfaceOrientationPortraitUpsideDown UIInterfaceOrientationLandscapeLeft UIInterfaceOrientationLandscapeRight";
				INFOPLIST_KEY_UISupportedInterfaceOrientations_iPhone = "UIInterfaceOrientationPortrait UIInterfaceOrientationLandscapeLeft UIInterfaceOrientationLandscapeRight";
				LD_RUNPATH_SEARCH_PATHS = (
					"$(inherited)",
					"@executable_path/Frameworks",
				);
				MARKETING_VERSION = 1.0;
				PRODUCT_BUNDLE_IDENTIFIER = com.coldpointblue.DevoTeamWeatherInterest;
				PRODUCT_NAME = "$(TARGET_NAME)";
				SWIFT_EMIT_LOC_STRINGS = YES;
				SWIFT_VERSION = 5.0;
				TARGETED_DEVICE_FAMILY = "1,2";
			};
			name = Release;
		};
		725875F728F748780099AFB1 /* Debug */ = {
			isa = XCBuildConfiguration;
			buildSettings = {
				ALWAYS_EMBED_SWIFT_STANDARD_LIBRARIES = YES;
				BUNDLE_LOADER = "$(TEST_HOST)";
				CODE_SIGN_STYLE = Automatic;
				CURRENT_PROJECT_VERSION = 1;
				DEVELOPMENT_TEAM = 38TY4TU89G;
				GENERATE_INFOPLIST_FILE = YES;
				IPHONEOS_DEPLOYMENT_TARGET = 16.0;
				MARKETING_VERSION = 1.0;
				PRODUCT_BUNDLE_IDENTIFIER = com.coldpointblue.DevoTeamWeatherInterestTests;
				PRODUCT_NAME = "$(TARGET_NAME)";
				SWIFT_EMIT_LOC_STRINGS = NO;
				SWIFT_VERSION = 5.0;
				TARGETED_DEVICE_FAMILY = "1,2";
				TEST_HOST = "$(BUILT_PRODUCTS_DIR)/DevoTeamWeatherInterest.app/$(BUNDLE_EXECUTABLE_FOLDER_PATH)/DevoTeamWeatherInterest";
			};
			name = Debug;
		};
		725875F828F748780099AFB1 /* Release */ = {
			isa = XCBuildConfiguration;
			buildSettings = {
				ALWAYS_EMBED_SWIFT_STANDARD_LIBRARIES = YES;
				BUNDLE_LOADER = "$(TEST_HOST)";
				CODE_SIGN_STYLE = Automatic;
				CURRENT_PROJECT_VERSION = 1;
				DEVELOPMENT_TEAM = 38TY4TU89G;
				GENERATE_INFOPLIST_FILE = YES;
				IPHONEOS_DEPLOYMENT_TARGET = 16.0;
				MARKETING_VERSION = 1.0;
				PRODUCT_BUNDLE_IDENTIFIER = com.coldpointblue.DevoTeamWeatherInterestTests;
				PRODUCT_NAME = "$(TARGET_NAME)";
				SWIFT_EMIT_LOC_STRINGS = NO;
				SWIFT_VERSION = 5.0;
				TARGETED_DEVICE_FAMILY = "1,2";
				TEST_HOST = "$(BUILT_PRODUCTS_DIR)/DevoTeamWeatherInterest.app/$(BUNDLE_EXECUTABLE_FOLDER_PATH)/DevoTeamWeatherInterest";
			};
			name = Release;
		};
		725875FA28F748780099AFB1 /* Debug */ = {
			isa = XCBuildConfiguration;
			buildSettings = {
				ALWAYS_EMBED_SWIFT_STANDARD_LIBRARIES = YES;
				CODE_SIGN_STYLE = Automatic;
				CURRENT_PROJECT_VERSION = 1;
				DEVELOPMENT_TEAM = 38TY4TU89G;
				GENERATE_INFOPLIST_FILE = YES;
				MARKETING_VERSION = 1.0;
				PRODUCT_BUNDLE_IDENTIFIER = com.coldpointblue.DevoTeamWeatherInterestUITests;
				PRODUCT_NAME = "$(TARGET_NAME)";
				SWIFT_EMIT_LOC_STRINGS = NO;
				SWIFT_VERSION = 5.0;
				TARGETED_DEVICE_FAMILY = "1,2";
				TEST_TARGET_NAME = DevoTeamWeatherInterest;
			};
			name = Debug;
		};
		725875FB28F748780099AFB1 /* Release */ = {
			isa = XCBuildConfiguration;
			buildSettings = {
				ALWAYS_EMBED_SWIFT_STANDARD_LIBRARIES = YES;
				CODE_SIGN_STYLE = Automatic;
				CURRENT_PROJECT_VERSION = 1;
				DEVELOPMENT_TEAM = 38TY4TU89G;
				GENERATE_INFOPLIST_FILE = YES;
				MARKETING_VERSION = 1.0;
				PRODUCT_BUNDLE_IDENTIFIER = com.coldpointblue.DevoTeamWeatherInterestUITests;
				PRODUCT_NAME = "$(TARGET_NAME)";
				SWIFT_EMIT_LOC_STRINGS = NO;
				SWIFT_VERSION = 5.0;
				TARGETED_DEVICE_FAMILY = "1,2";
				TEST_TARGET_NAME = DevoTeamWeatherInterest;
			};
			name = Release;
		};
/* End XCBuildConfiguration section */

/* Begin XCConfigurationList section */
		725875CA28F748770099AFB1 /* Build configuration list for PBXProject "DevoTeamWeatherInterest" */ = {
			isa = XCConfigurationList;
			buildConfigurations = (
				725875F128F748780099AFB1 /* Debug */,
				725875F228F748780099AFB1 /* Release */,
			);
			defaultConfigurationIsVisible = 0;
			defaultConfigurationName = Release;
		};
		725875F328F748780099AFB1 /* Build configuration list for PBXNativeTarget "DevoTeamWeatherInterest" */ = {
			isa = XCConfigurationList;
			buildConfigurations = (
				725875F428F748780099AFB1 /* Debug */,
				725875F528F748780099AFB1 /* Release */,
			);
			defaultConfigurationIsVisible = 0;
			defaultConfigurationName = Release;
		};
		725875F628F748780099AFB1 /* Build configuration list for PBXNativeTarget "DevoTeamWeatherInterestTests" */ = {
			isa = XCConfigurationList;
			buildConfigurations = (
				725875F728F748780099AFB1 /* Debug */,
				725875F828F748780099AFB1 /* Release */,
			);
			defaultConfigurationIsVisible = 0;
			defaultConfigurationName = Release;
		};
		725875F928F748780099AFB1 /* Build configuration list for PBXNativeTarget "DevoTeamWeatherInterestUITests" */ = {
			isa = XCConfigurationList;
			buildConfigurations = (
				725875FA28F748780099AFB1 /* Debug */,
				725875FB28F748780099AFB1 /* Release */,
			);
			defaultConfigurationIsVisible = 0;
			defaultConfigurationName = Release;
		};
/* End XCConfigurationList section */
	};
	rootObject = 725875C728F748770099AFB1 /* Project object */;
}
